
Microsoft Visual Studio Solution File, Format Version 12.00
# Visual Studio Version 17
VisualStudioVersion = 17.5.002.0
MinimumVisualStudioVersion = 10.0.40219.1
Project("{9A19103F-16F7-4668-BE54-9A1E7A4F7556}") = "DesafioFundamentos", "DesafioFundamentos\DesafioFundamentos.csproj", "{F47DDABC-1D1B-46D7-9768-994DB24BC071}"
EndProject
Global
	GlobalSection(SolutionConfigurationPlatforms) = preSolution
		Debug|Any CPU = Debug|Any CPU
		Release|Any CPU = Release|Any CPU
	EndGlobalSection
	GlobalSection(ProjectConfigurationPlatforms) = postSolution
		{F47DDABC-1D1B-46D7-9768-994DB24BC071}.Debug|Any CPU.ActiveCfg = Debug|Any CPU
		{F47DDABC-1D1B-46D7-9768-994DB24BC071}.Debug|Any CPU.Build.0 = Debug|Any CPU
		{F47DDABC-1D1B-46D7-9768-994DB24BC071}.Release|Any CPU.ActiveCfg = Release|Any CPU
		{F47DDABC-1D1B-46D7-9768-994DB24BC071}.Release|Any CPU.Build.0 = Release|Any CPU
	EndGlobalSection
	GlobalSection(SolutionProperties) = preSolution
		HideSolutionNode = FALSE
	EndGlobalSection
	GlobalSection(ExtensibilityGlobals) = postSolution
		SolutionGuid = {05DB6F00-8D13-4AC9-B26C-34C75F1157BE}
	EndGlobalSection
EndGlobal
